
Microsoft Visual Studio Solution File, Format Version 12.00
# Visual Studio 15
Project("{FAE04EC0-301F-11D3-BF4B-00C04F79EFBC}") = "Assembly-CSharp-Editor", "Assembly-CSharp-Editor.csproj", "{598FD7BD-153C-296A-EACA-599761E5DAF3}"
EndProject
Project("{FAE04EC0-301F-11D3-BF4B-00C04F79EFBC}") = "Assembly-CSharp", "Assembly-CSharp.csproj", "{F7503FCF-8738-C5E1-A4B1-E669359F2BAD}"
EndProject
Global
	GlobalSection(SolutionConfigurationPlatforms) = preSolution
		Debug|Any CPU = Debug|Any CPU
		Release|Any CPU = Release|Any CPU
	EndGlobalSection
	GlobalSection(ProjectConfigurationPlatforms) = postSolution
		{598FD7BD-153C-296A-EACA-599761E5DAF3}.Debug|Any CPU.ActiveCfg = Debug|Any CPU
		{598FD7BD-153C-296A-EACA-599761E5DAF3}.Debug|Any CPU.Build.0 = Debug|Any CPU
		{598FD7BD-153C-296A-EACA-599761E5DAF3}.Release|Any CPU.ActiveCfg = Release|Any CPU
		{598FD7BD-153C-296A-EACA-599761E5DAF3}.Release|Any CPU.Build.0 = Release|Any CPU
		{F7503FCF-8738-C5E1-A4B1-E669359F2BAD}.Debug|Any CPU.ActiveCfg = Debug|Any CPU
		{F7503FCF-8738-C5E1-A4B1-E669359F2BAD}.Debug|Any CPU.Build.0 = Debug|Any CPU
		{F7503FCF-8738-C5E1-A4B1-E669359F2BAD}.Release|Any CPU.ActiveCfg = Release|Any CPU
		{F7503FCF-8738-C5E1-A4B1-E669359F2BAD}.Release|Any CPU.Build.0 = Release|Any CPU
	EndGlobalSection
	GlobalSection(SolutionProperties) = preSolution
		HideSolutionNode = FALSE
	EndGlobalSection
EndGlobal
